{
  "name": "19th",
  "version": "1.0.0",
  "lockfileVersion": 3,
  "requires": true,
  "packages": {
    "": {
      "name": "19th",
      "version": "1.0.0",
      "license": "ISC",
      "dependencies": {
        "19th": "file:"
      }
    },
    "node_modules/19th": {
      "resolved": "",
      "link": true
    }
  }
}
