{
    "name": "4th",
    "version": "1.0.0",
    "lockfileVersion": 3,
    "requires": true,
    "packages": {
        "": {
            "name": "4th",
            "version": "1.0.0",
            "license": "ISC",
            "dependencies": {
                "4th": "file:"
            }
        },
        "node_modules/4th": {
            "resolved": "",
            "link": true
        }
    }
}
