{
    "name": "6th",
    "version": "1.0.0",
    "lockfileVersion": 3,
    "requires": true,
    "packages": {
        "": {
            "name": "6th",
            "version": "1.0.0",
            "license": "ISC",
            "dependencies": {
                "6th": "file:"
            }
        },
        "node_modules/6th": {
            "resolved": "",
            "link": true
        }
    }
}
